// !$*UTF8*$!
{
	archiveVersion = 1;
	classes = {
	};
	objectVersion = 46;
	objects = {

/* Begin PBXBuildFile section */
		8D73F5EB1CDE3E2B006697E3 /* AppDelegate.swift in Sources */ = {isa = PBXBuildFile; fileRef = 8D73F5EA1CDE3E2B006697E3 /* AppDelegate.swift */; };
		8D73F5ED1CDE3E2B006697E3 /* ViewController.swift in Sources */ = {isa = PBXBuildFile; fileRef = 8D73F5EC1CDE3E2B006697E3 /* ViewController.swift */; };
		8D73F5F01CDE3E2B006697E3 /* Main.storyboard in Resources */ = {isa = PBXBuildFile; fileRef = 8D73F5EE1CDE3E2B006697E3 /* Main.storyboard */; };
		8D73F5F31CDE3E2B006697E3 /* EngelsizMenu.xcdatamodeld in Sources */ = {isa = PBXBuildFile; fileRef = 8D73F5F11CDE3E2B006697E3 /* EngelsizMenu.xcdatamodeld */; };
		8D73F5F51CDE3E2B006697E3 /* Assets.xcassets in Resources */ = {isa = PBXBuildFile; fileRef = 8D73F5F41CDE3E2B006697E3 /* Assets.xcassets */; };
		8D73F5F81CDE3E2B006697E3 /* LaunchScreen.storyboard in Resources */ = {isa = PBXBuildFile; fileRef = 8D73F5F61CDE3E2B006697E3 /* LaunchScreen.storyboard */; };
		8D73F6081CDE3FD0006697E3 /* Montserrat-Black.otf in Resources */ = {isa = PBXBuildFile; fileRef = 8D73F6001CDE3FD0006697E3 /* Montserrat-Black.otf */; };
		8D73F6091CDE3FD0006697E3 /* Montserrat-Bold.otf in Resources */ = {isa = PBXBuildFile; fileRef = 8D73F6011CDE3FD0006697E3 /* Montserrat-Bold.otf */; };
		8D73F60A1CDE3FD0006697E3 /* Montserrat-ExtraBold.otf in Resources */ = {isa = PBXBuildFile; fileRef = 8D73F6021CDE3FD0006697E3 /* Montserrat-ExtraBold.otf */; };
		8D73F60B1CDE3FD0006697E3 /* Montserrat-Hairline.otf in Resources */ = {isa = PBXBuildFile; fileRef = 8D73F6031CDE3FD0006697E3 /* Montserrat-Hairline.otf */; };
		8D73F60C1CDE3FD0006697E3 /* Montserrat-Light.otf in Resources */ = {isa = PBXBuildFile; fileRef = 8D73F6041CDE3FD0006697E3 /* Montserrat-Light.otf */; };
		8D73F60D1CDE3FD0006697E3 /* Montserrat-Regular.otf in Resources */ = {isa = PBXBuildFile; fileRef = 8D73F6051CDE3FD0006697E3 /* Montserrat-Regular.otf */; };
		8D73F60E1CDE3FD0006697E3 /* Montserrat-SemiBold.otf in Resources */ = {isa = PBXBuildFile; fileRef = 8D73F6061CDE3FD0006697E3 /* Montserrat-SemiBold.otf */; };
		8D73F60F1CDE3FD0006697E3 /* Montserrat-UltraLight.otf in Resources */ = {isa = PBXBuildFile; fileRef = 8D73F6071CDE3FD0006697E3 /* Montserrat-UltraLight.otf */; };
		8D73F61B1CDE475B006697E3 /* AppConstants.swift in Sources */ = {isa = PBXBuildFile; fileRef = 8D73F61A1CDE475B006697E3 /* AppConstants.swift */; };
		8D73F61D1CDE4DF5006697E3 /* Menu.swift in Sources */ = {isa = PBXBuildFile; fileRef = 8D73F61C1CDE4DF5006697E3 /* Menu.swift */; };
		8D73F61F1CDE4E9C006697E3 /* Restaurant.swift in Sources */ = {isa = PBXBuildFile; fileRef = 8D73F61E1CDE4E9C006697E3 /* Restaurant.swift */; };
		8D73F6211CDE6404006697E3 /* RestaurantViewController.swift in Sources */ = {isa = PBXBuildFile; fileRef = 8D73F6201CDE6404006697E3 /* RestaurantViewController.swift */; };
		8D73F6251CDE6799006697E3 /* SearchResultCell.swift in Sources */ = {isa = PBXBuildFile; fileRef = 8D73F6241CDE6799006697E3 /* SearchResultCell.swift */; };
		8D73F6271CDE6DF9006697E3 /* GlobalMethods.swift in Sources */ = {isa = PBXBuildFile; fileRef = 8D73F6261CDE6DF9006697E3 /* GlobalMethods.swift */; };
		8D73F6291CDE70AC006697E3 /* Dish.swift in Sources */ = {isa = PBXBuildFile; fileRef = 8D73F6281CDE70AC006697E3 /* Dish.swift */; };
		8D73F62B1CDE728F006697E3 /* DishCell.swift in Sources */ = {isa = PBXBuildFile; fileRef = 8D73F62A1CDE728F006697E3 /* DishCell.swift */; };
		8D73F62F1CDE7B3C006697E3 /* SwiftyJSON.framework in CopyFiles */ = {isa = PBXBuildFile; fileRef = 8D73F6161CDE4645006697E3 /* SwiftyJSON.framework */; settings = {ATTRIBUTES = (CodeSignOnCopy, RemoveHeadersOnCopy, ); }; };
		8D73F6301CDE7B3E006697E3 /* Alamofire.framework in CopyFiles */ = {isa = PBXBuildFile; fileRef = 8D73F6141CDE4640006697E3 /* Alamofire.framework */; settings = {ATTRIBUTES = (CodeSignOnCopy, RemoveHeadersOnCopy, ); }; };
		8DCB498F1CDF1D8E0085D646 /* OneShotLocationManager.swift in Sources */ = {isa = PBXBuildFile; fileRef = 8DCB498E1CDF1D8E0085D646 /* OneShotLocationManager.swift */; };
/* End PBXBuildFile section */

/* Begin PBXCopyFilesBuildPhase section */
		8D73F62E1CDE7B33006697E3 /* CopyFiles */ = {
			isa = PBXCopyFilesBuildPhase;
			buildActionMask = 2147483647;
			dstPath = "";
			dstSubfolderSpec = 10;
			files = (
				8D73F62F1CDE7B3C006697E3 /* SwiftyJSON.framework in CopyFiles */,
				8D73F6301CDE7B3E006697E3 /* Alamofire.framework in CopyFiles */,
			);
			runOnlyForDeploymentPostprocessing = 0;
		};
/* End PBXCopyFilesBuildPhase section */

/* Begin PBXFileReference section */
		8D73F5E71CDE3E2B006697E3 /* EngelsizMenu.app */ = {isa = PBXFileReference; explicitFileType = wrapper.application; includeInIndex = 0; path = EngelsizMenu.app; sourceTree = BUILT_PRODUCTS_DIR; };
		8D73F5EA1CDE3E2B006697E3 /* AppDelegate.swift */ = {isa = PBXFileReference; lastKnownFileType = sourcecode.swift; path = AppDelegate.swift; sourceTree = "<group>"; };
		8D73F5EC1CDE3E2B006697E3 /* ViewController.swift */ = {isa = PBXFileReference; lastKnownFileType = sourcecode.swift; path = ViewController.swift; sourceTree = "<group>"; };
		8D73F5EF1CDE3E2B006697E3 /* Base */ = {isa = PBXFileReference; lastKnownFileType = file.storyboard; name = Base; path = Base.lproj/Main.storyboard; sourceTree = "<group>"; };
		8D73F5F21CDE3E2B006697E3 /* EngelsizMenu.xcdatamodel */ = {isa = PBXFileReference; lastKnownFileType = wrapper.xcdatamodel; path = EngelsizMenu.xcdatamodel; sourceTree = "<group>"; };
		8D73F5F41CDE3E2B006697E3 /* Assets.xcassets */ = {isa = PBXFileReference; lastKnownFileType = folder.assetcatalog; path = Assets.xcassets; sourceTree = "<group>"; };
		8D73F5F71CDE3E2B006697E3 /* Base */ = {isa = PBXFileReference; lastKnownFileType = file.storyboard; name = Base; path = Base.lproj/LaunchScreen.storyboard; sourceTree = "<group>"; };
		8D73F5F91CDE3E2B006697E3 /* Info.plist */ = {isa = PBXFileReference; lastKnownFileType = text.plist.xml; path = Info.plist; sourceTree = "<group>"; };
		8D73F6001CDE3FD0006697E3 /* Montserrat-Black.otf */ = {isa = PBXFileReference; lastKnownFileType = file; name = "Montserrat-Black.otf"; path = "../../../../../../Users/smddzcy/Library/Fonts/Montserrat-Black.otf"; sourceTree = "<group>"; };
		8D73F6011CDE3FD0006697E3 /* Montserrat-Bold.otf */ = {isa = PBXFileReference; lastKnownFileType = file; name = "Montserrat-Bold.otf"; path = "../../../../../../Users/smddzcy/Library/Fonts/Montserrat-Bold.otf"; sourceTree = "<group>"; };
		8D73F6021CDE3FD0006697E3 /* Montserrat-ExtraBold.otf */ = {isa = PBXFileReference; lastKnownFileType = file; name = "Montserrat-ExtraBold.otf"; path = "../../../../../../Users/smddzcy/Library/Fonts/Montserrat-ExtraBold.otf"; sourceTree = "<group>"; };
		8D73F6031CDE3FD0006697E3 /* Montserrat-Hairline.otf */ = {isa = PBXFileReference; lastKnownFileType = file; name = "Montserrat-Hairline.otf"; path = "../../../../../../Users/smddzcy/Library/Fonts/Montserrat-Hairline.otf"; sourceTree = "<group>"; };
		8D73F6041CDE3FD0006697E3 /* Montserrat-Light.otf */ = {isa = PBXFileReference; lastKnownFileType = file; name = "Montserrat-Light.otf"; path = "../../../../../../Users/smddzcy/Library/Fonts/Montserrat-Light.otf"; sourceTree = "<group>"; };
		8D73F6051CDE3FD0006697E3 /* Montserrat-Regular.otf */ = {isa = PBXFileReference; lastKnownFileType = file; name = "Montserrat-Regular.otf"; path = "../../../../../../Users/smddzcy/Library/Fonts/Montserrat-Regular.otf"; sourceTree = "<group>"; };
		8D73F6061CDE3FD0006697E3 /* Montserrat-SemiBold.otf */ = {isa = PBXFileReference; lastKnownFileType = file; name = "Montserrat-SemiBold.otf"; path = "../../../../../../Users/smddzcy/Library/Fonts/Montserrat-SemiBold.otf"; sourceTree = "<group>"; };
		8D73F6071CDE3FD0006697E3 /* Montserrat-UltraLight.otf */ = {isa = PBXFileReference; lastKnownFileType = file; name = "Montserrat-UltraLight.otf"; path = "../../../../../../Users/smddzcy/Library/Fonts/Montserrat-UltraLight.otf"; sourceTree = "<group>"; };
		8D73F6141CDE4640006697E3 /* Alamofire.framework */ = {isa = PBXFileReference; lastKnownFileType = wrapper.framework; name = Alamofire.framework; path = Carthage/Build/iOS/Alamofire.framework; sourceTree = "<group>"; };
		8D73F6161CDE4645006697E3 /* SwiftyJSON.framework */ = {isa = PBXFileReference; lastKnownFileType = wrapper.framework; name = SwiftyJSON.framework; path = Carthage/Build/iOS/SwiftyJSON.framework; sourceTree = "<group>"; };
		8D73F61A1CDE475B006697E3 /* AppConstants.swift */ = {isa = PBXFileReference; fileEncoding = 4; lastKnownFileType = sourcecode.swift; path = AppConstants.swift; sourceTree = "<group>"; };
		8D73F61C1CDE4DF5006697E3 /* Menu.swift */ = {isa = PBXFileReference; fileEncoding = 4; lastKnownFileType = sourcecode.swift; path = Menu.swift; sourceTree = "<group>"; };
		8D73F61E1CDE4E9C006697E3 /* Restaurant.swift */ = {isa = PBXFileReference; fileEncoding = 4; lastKnownFileType = sourcecode.swift; path = Restaurant.swift; sourceTree = "<group>"; };
		8D73F6201CDE6404006697E3 /* RestaurantViewController.swift */ = {isa = PBXFileReference; fileEncoding = 4; lastKnownFileType = sourcecode.swift; path = RestaurantViewController.swift; sourceTree = "<group>"; };
		8D73F6241CDE6799006697E3 /* SearchResultCell.swift */ = {isa = PBXFileReference; fileEncoding = 4; lastKnownFileType = sourcecode.swift; path = SearchResultCell.swift; sourceTree = "<group>"; };
		8D73F6261CDE6DF9006697E3 /* GlobalMethods.swift */ = {isa = PBXFileReference; fileEncoding = 4; lastKnownFileType = sourcecode.swift; path = GlobalMethods.swift; sourceTree = "<group>"; };
		8D73F6281CDE70AC006697E3 /* Dish.swift */ = {isa = PBXFileReference; fileEncoding = 4; lastKnownFileType = sourcecode.swift; path = Dish.swift; sourceTree = "<group>"; };
		8D73F62A1CDE728F006697E3 /* DishCell.swift */ = {isa = PBXFileReference; fileEncoding = 4; lastKnownFileType = sourcecode.swift; path = DishCell.swift; sourceTree = "<group>"; };
		8DCB498E1CDF1D8E0085D646 /* OneShotLocationManager.swift */ = {isa = PBXFileReference; fileEncoding = 4; lastKnownFileType = sourcecode.swift; path = OneShotLocationManager.swift; sourceTree = "<group>"; };
/* End PBXFileReference section */

/* Begin PBXFrameworksBuildPhase section */
		8D73F5E41CDE3E2B006697E3 /* Frameworks */ = {
			isa = PBXFrameworksBuildPhase;
			buildActionMask = 2147483647;
			files = (
			);
			runOnlyForDeploymentPostprocessing = 0;
		};
/* End PBXFrameworksBuildPhase section */

/* Begin PBXGroup section */
		8D73F5DE1CDE3E2B006697E3 = {
			isa = PBXGroup;
			children = (
				8D73F6161CDE4645006697E3 /* SwiftyJSON.framework */,
				8D73F6141CDE4640006697E3 /* Alamofire.framework */,
				8D73F5E91CDE3E2B006697E3 /* EngelsizMenu */,
				8D73F5E81CDE3E2B006697E3 /* Products */,
			);
			sourceTree = "<group>";
		};
		8D73F5E81CDE3E2B006697E3 /* Products */ = {
			isa = PBXGroup;
			children = (
				8D73F5E71CDE3E2B006697E3 /* EngelsizMenu.app */,
			);
			name = Products;
			sourceTree = "<group>";
		};
		8D73F5E91CDE3E2B006697E3 /* EngelsizMenu */ = {
			isa = PBXGroup;
			children = (
				8D73F6221CDE672C006697E3 /* DTs */,
				8D73F6231CDE673F006697E3 /* Controllers */,
				8D73F5FF1CDE3FC6006697E3 /* Fonts */,
				8D73F5EA1CDE3E2B006697E3 /* AppDelegate.swift */,
				8DCB498E1CDF1D8E0085D646 /* OneShotLocationManager.swift */,
				8D73F61A1CDE475B006697E3 /* AppConstants.swift */,
				8D73F6261CDE6DF9006697E3 /* GlobalMethods.swift */,
				8D73F5EE1CDE3E2B006697E3 /* Main.storyboard */,
				8D73F5F41CDE3E2B006697E3 /* Assets.xcassets */,
				8D73F5F61CDE3E2B006697E3 /* LaunchScreen.storyboard */,
				8D73F5F91CDE3E2B006697E3 /* Info.plist */,
				8D73F5F11CDE3E2B006697E3 /* EngelsizMenu.xcdatamodeld */,
			);
			path = EngelsizMenu;
			sourceTree = "<group>";
		};
		8D73F5FF1CDE3FC6006697E3 /* Fonts */ = {
			isa = PBXGroup;
			children = (
				8D73F6001CDE3FD0006697E3 /* Montserrat-Black.otf */,
				8D73F6011CDE3FD0006697E3 /* Montserrat-Bold.otf */,
				8D73F6021CDE3FD0006697E3 /* Montserrat-ExtraBold.otf */,
				8D73F6031CDE3FD0006697E3 /* Montserrat-Hairline.otf */,
				8D73F6041CDE3FD0006697E3 /* Montserrat-Light.otf */,
				8D73F6051CDE3FD0006697E3 /* Montserrat-Regular.otf */,
				8D73F6061CDE3FD0006697E3 /* Montserrat-SemiBold.otf */,
				8D73F6071CDE3FD0006697E3 /* Montserrat-UltraLight.otf */,
			);
			name = Fonts;
			sourceTree = "<group>";
		};
		8D73F6221CDE672C006697E3 /* DTs */ = {
			isa = PBXGroup;
			children = (
				8D73F61E1CDE4E9C006697E3 /* Restaurant.swift */,
				8D73F61C1CDE4DF5006697E3 /* Menu.swift */,
				8D73F6281CDE70AC006697E3 /* Dish.swift */,
			);
			name = DTs;
			sourceTree = "<group>";
		};
		8D73F6231CDE673F006697E3 /* Controllers */ = {
			isa = PBXGroup;
			children = (
				8D73F6241CDE6799006697E3 /* SearchResultCell.swift */,
				8D73F62A1CDE728F006697E3 /* DishCell.swift */,
				8D73F5EC1CDE3E2B006697E3 /* ViewController.swift */,
				8D73F6201CDE6404006697E3 /* RestaurantViewController.swift */,
			);
			name = Controllers;
			sourceTree = "<group>";
		};
/* End PBXGroup section */

/* Begin PBXNativeTarget section */
		8D73F5E61CDE3E2B006697E3 /* EngelsizMenu */ = {
			isa = PBXNativeTarget;
			buildConfigurationList = 8D73F5FC1CDE3E2B006697E3 /* Build configuration list for PBXNativeTarget "EngelsizMenu" */;
			buildPhases = (
				8D73F5E31CDE3E2B006697E3 /* Sources */,
				8D73F5E41CDE3E2B006697E3 /* Frameworks */,
				8D73F5E51CDE3E2B006697E3 /* Resources */,
				8D73F62E1CDE7B33006697E3 /* CopyFiles */,
			);
			buildRules = (
			);
			dependencies = (
			);
			name = EngelsizMenu;
			productName = EngelsizMenu;
			productReference = 8D73F5E71CDE3E2B006697E3 /* EngelsizMenu.app */;
			productType = "com.apple.product-type.application";
		};
/* End PBXNativeTarget section */

/* Begin PBXProject section */
		8D73F5DF1CDE3E2B006697E3 /* Project object */ = {
			isa = PBXProject;
			attributes = {
				LastSwiftUpdateCheck = 0730;
				LastUpgradeCheck = 0730;
				ORGANIZATIONNAME = "Samed Düzçay";
				TargetAttributes = {
					8D73F5E61CDE3E2B006697E3 = {
						CreatedOnToolsVersion = 7.3;
						DevelopmentTeam = 48R95AZD28;
					};
				};
			};
			buildConfigurationList = 8D73F5E21CDE3E2B006697E3 /* Build configuration list for PBXProject "EngelsizMenu" */;
			compatibilityVersion = "Xcode 3.2";
			developmentRegion = English;
			hasScannedForEncodings = 0;
			knownRegions = (
				en,
				Base,
			);
			mainGroup = 8D73F5DE1CDE3E2B006697E3;
			productRefGroup = 8D73F5E81CDE3E2B006697E3 /* Products */;
			projectDirPath = "";
			projectRoot = "";
			targets = (
				8D73F5E61CDE3E2B006697E3 /* EngelsizMenu */,
			);
		};
/* End PBXProject section */

/* Begin PBXResourcesBuildPhase section */
		8D73F5E51CDE3E2B006697E3 /* Resources */ = {
			isa = PBXResourcesBuildPhase;
			buildActionMask = 2147483647;
			files = (
				8D73F60A1CDE3FD0006697E3 /* Montserrat-ExtraBold.otf in Resources */,
				8D73F60F1CDE3FD0006697E3 /* Montserrat-UltraLight.otf in Resources */,
				8D73F6091CDE3FD0006697E3 /* Montserrat-Bold.otf in Resources */,
				8D73F60B1CDE3FD0006697E3 /* Montserrat-Hairline.otf in Resources */,
				8D73F6081CDE3FD0006697E3 /* Montserrat-Black.otf in Resources */,
				8D73F5F81CDE3E2B006697E3 /* LaunchScreen.storyboard in Resources */,
				8D73F5F51CDE3E2B006697E3 /* Assets.xcassets in Resources */,
				8D73F5F01CDE3E2B006697E3 /* Main.storyboard in Resources */,
				8D73F60C1CDE3FD0006697E3 /* Montserrat-Light.otf in Resources */,
				8D73F60D1CDE3FD0006697E3 /* Montserrat-Regular.otf in Resources */,
				8D73F60E1CDE3FD0006697E3 /* Montserrat-SemiBold.otf in Resources */,
			);
			runOnlyForDeploymentPostprocessing = 0;
		};
/* End PBXResourcesBuildPhase section */

/* Begin PBXSourcesBuildPhase section */
		8D73F5E31CDE3E2B006697E3 /* Sources */ = {
			isa = PBXSourcesBuildPhase;
			buildActionMask = 2147483647;
			files = (
				8D73F5ED1CDE3E2B006697E3 /* ViewController.swift in Sources */,
				8D73F62B1CDE728F006697E3 /* DishCell.swift in Sources */,
				8D73F6291CDE70AC006697E3 /* Dish.swift in Sources */,
				8D73F5EB1CDE3E2B006697E3 /* AppDelegate.swift in Sources */,
				8D73F6211CDE6404006697E3 /* RestaurantViewController.swift in Sources */,
				8D73F61F1CDE4E9C006697E3 /* Restaurant.swift in Sources */,
				8D73F5F31CDE3E2B006697E3 /* EngelsizMenu.xcdatamodeld in Sources */,
				8DCB498F1CDF1D8E0085D646 /* OneShotLocationManager.swift in Sources */,
				8D73F61B1CDE475B006697E3 /* AppConstants.swift in Sources */,
				8D73F6271CDE6DF9006697E3 /* GlobalMethods.swift in Sources */,
				8D73F6251CDE6799006697E3 /* SearchResultCell.swift in Sources */,
				8D73F61D1CDE4DF5006697E3 /* Menu.swift in Sources */,
			);
			runOnlyForDeploymentPostprocessing = 0;
		};
/* End PBXSourcesBuildPhase section */

/* Begin PBXVariantGroup section */
		8D73F5EE1CDE3E2B006697E3 /* Main.storyboard */ = {
			isa = PBXVariantGroup;
			children = (
				8D73F5EF1CDE3E2B006697E3 /* Base */,
			);
			name = Main.storyboard;
			sourceTree = "<group>";
		};
		8D73F5F61CDE3E2B006697E3 /* LaunchScreen.storyboard */ = {
			isa = PBXVariantGroup;
			children = (
				8D73F5F71CDE3E2B006697E3 /* Base */,
			);
			name = LaunchScreen.storyboard;
			sourceTree = "<group>";
		};
/* End PBXVariantGroup section */

/* Begin XCBuildConfiguration section */
		8D73F5FA1CDE3E2B006697E3 /* Debug */ = {
			isa = XCBuildConfiguration;
			buildSettings = {
				ALWAYS_SEARCH_USER_PATHS = NO;
				CLANG_ANALYZER_NONNULL = YES;
				CLANG_CXX_LANGUAGE_STANDARD = "gnu++0x";
				CLANG_CXX_LIBRARY = "libc++";
				CLANG_ENABLE_MODULES = YES;
				CLANG_ENABLE_OBJC_ARC = YES;
				CLANG_WARN_BOOL_CONVERSION = YES;
				CLANG_WARN_CONSTANT_CONVERSION = YES;
				CLANG_WARN_DIRECT_OBJC_ISA_USAGE = YES_ERROR;
				CLANG_WARN_EMPTY_BODY = YES;
				CLANG_WARN_ENUM_CONVERSION = YES;
				CLANG_WARN_INT_CONVERSION = YES;
				CLANG_WARN_OBJC_ROOT_CLASS = YES_ERROR;
				CLANG_WARN_UNREACHABLE_CODE = YES;
				CLANG_WARN__DUPLICATE_METHOD_MATCH = YES;
				"CODE_SIGN_IDENTITY[sdk=iphoneos*]" = "iPhone Developer";
				COPY_PHASE_STRIP = NO;
				DEBUG_INFORMATION_FORMAT = dwarf;
				ENABLE_STRICT_OBJC_MSGSEND = YES;
				ENABLE_TESTABILITY = YES;
				GCC_C_LANGUAGE_STANDARD = gnu99;
				GCC_DYNAMIC_NO_PIC = NO;
				GCC_NO_COMMON_BLOCKS = YES;
				GCC_OPTIMIZATION_LEVEL = 0;
				GCC_PREPROCESSOR_DEFINITIONS = (
					"DEBUG=1",
					"$(inherited)",
				);
				GCC_WARN_64_TO_32_BIT_CONVERSION = YES;
				GCC_WARN_ABOUT_RETURN_TYPE = YES_ERROR;
				GCC_WARN_UNDECLARED_SELECTOR = YES;
				GCC_WARN_UNINITIALIZED_AUTOS = YES_AGGRESSIVE;
				GCC_WARN_UNUSED_FUNCTION = YES;
				GCC_WARN_UNUSED_VARIABLE = YES;
				IPHONEOS_DEPLOYMENT_TARGET = 9.3;
				MTL_ENABLE_DEBUG_INFO = YES;
				ONLY_ACTIVE_ARCH = YES;
				SDKROOT = iphoneos;
				SWIFT_OPTIMIZATION_LEVEL = "-Onone";
				TARGETED_DEVICE_FAMILY = "1,2";
			};
			name = Debug;
		};
		8D73F5FB1CDE3E2B006697E3 /* Release */ = {
			isa = XCBuildConfiguration;
			buildSettings = {
				ALWAYS_SEARCH_USER_PATHS = NO;
				CLANG_ANALYZER_NONNULL = YES;
				CLANG_CXX_LANGUAGE_STANDARD = "gnu++0x";
				CLANG_CXX_LIBRARY = "libc++";
				CLANG_ENABLE_MODULES = YES;
				CLANG_ENABLE_OBJC_ARC = YES;
				CLANG_WARN_BOOL_CONVERSION = YES;
				CLANG_WARN_CONSTANT_CONVERSION = YES;
				CLANG_WARN_DIRECT_OBJC_ISA_USAGE = YES_ERROR;
				CLANG_WARN_EMPTY_BODY = YES;
				CLANG_WARN_ENUM_CONVERSION = YES;
				CLANG_WARN_INT_CONVERSION = YES;
				CLANG_WARN_OBJC_ROOT_CLASS = YES_ERROR;
				CLANG_WARN_UNREACHABLE_CODE = YES;
				CLANG_WARN__DUPLICATE_METHOD_MATCH = YES;
				"CODE_SIGN_IDENTITY[sdk=iphoneos*]" = "iPhone Developer";
				COPY_PHASE_STRIP = NO;
				DEBUG_INFORMATION_FORMAT = "dwarf-with-dsym";
				ENABLE_NS_ASSERTIONS = NO;
				ENABLE_STRICT_OBJC_MSGSEND = YES;
				GCC_C_LANGUAGE_STANDARD = gnu99;
				GCC_NO_COMMON_BLOCKS = YES;
				GCC_WARN_64_TO_32_BIT_CONVERSION = YES;
				GCC_WARN_ABOUT_RETURN_TYPE = YES_ERROR;
				GCC_WARN_UNDECLARED_SELECTOR = YES;
				GCC_WARN_UNINITIALIZED_AUTOS = YES_AGGRESSIVE;
				GCC_WARN_UNUSED_FUNCTION = YES;
				GCC_WARN_UNUSED_VARIABLE = YES;
				IPHONEOS_DEPLOYMENT_TARGET = 9.3;
				MTL_ENABLE_DEBUG_INFO = NO;
				SDKROOT = iphoneos;
				TARGETED_DEVICE_FAMILY = "1,2";
				VALIDATE_PRODUCT = YES;
			};
			name = Release;
		};
		8D73F5FD1CDE3E2B006697E3 /* Debug */ = {
			isa = XCBuildConfiguration;
			buildSettings = {
				ASSETCATALOG_COMPILER_APPICON_NAME = AppIcon;
				FRAMEWORK_SEARCH_PATHS = (
					"$(inherited)",
					"$(PROJECT_DIR)/Carthage/Build/iOS",
				);
				INFOPLIST_FILE = EngelsizMenu/Info.plist;
				IPHONEOS_DEPLOYMENT_TARGET = 8.0;
				LD_RUNPATH_SEARCH_PATHS = "$(inherited) @executable_path/Frameworks";
				PRODUCT_BUNDLE_IDENTIFIER = com.smddzcy.EngelsizMenu;
				PRODUCT_NAME = "$(TARGET_NAME)";
			};
			name = Debug;
		};
		8D73F5FE1CDE3E2B006697E3 /* Release */ = {
			isa = XCBuildConfiguration;
			buildSettings = {
				ASSETCATALOG_COMPILER_APPICON_NAME = AppIcon;
				FRAMEWORK_SEARCH_PATHS = (
					"$(inherited)",
					"$(PROJECT_DIR)/Carthage/Build/iOS",
				);
				INFOPLIST_FILE = EngelsizMenu/Info.plist;
				IPHONEOS_DEPLOYMENT_TARGET = 8.0;
				LD_RUNPATH_SEARCH_PATHS = "$(inherited) @executable_path/Frameworks";
				PRODUCT_BUNDLE_IDENTIFIER = com.smddzcy.EngelsizMenu;
				PRODUCT_NAME = "$(TARGET_NAME)";
			};
			name = Release;
		};
/* End XCBuildConfiguration section */

/* Begin XCConfigurationList section */
		8D73F5E21CDE3E2B006697E3 /* Build configuration list for PBXProject "EngelsizMenu" */ = {
			isa = XCConfigurationList;
			buildConfigurations = (
				8D73F5FA1CDE3E2B006697E3 /* Debug */,
				8D73F5FB1CDE3E2B006697E3 /* Release */,
			);
			defaultConfigurationIsVisible = 0;
			defaultConfigurationName = Release;
		};
		8D73F5FC1CDE3E2B006697E3 /* Build configuration list for PBXNativeTarget "EngelsizMenu" */ = {
			isa = XCConfigurationList;
			buildConfigurations = (
				8D73F5FD1CDE3E2B006697E3 /* Debug */,
				8D73F5FE1CDE3E2B006697E3 /* Release */,
			);
			defaultConfigurationIsVisible = 0;
			defaultConfigurationName = Release;
		};
/* End XCConfigurationList section */

/* Begin XCVersionGroup section */
		8D73F5F11CDE3E2B006697E3 /* EngelsizMenu.xcdatamodeld */ = {
			isa = XCVersionGroup;
			children = (
				8D73F5F21CDE3E2B006697E3 /* EngelsizMenu.xcdatamodel */,
			);
			currentVersion = 8D73F5F21CDE3E2B006697E3 /* EngelsizMenu.xcdatamodel */;
			path = EngelsizMenu.xcdatamodeld;
			sourceTree = "<group>";
			versionGroupType = wrapper.xcdatamodel;
		};
/* End XCVersionGroup section */
	};
	rootObject = 8D73F5DF1CDE3E2B006697E3 /* Project object */;
}
